
Microsoft Visual Studio Solution File, Format Version 12.00
# Visual Studio Version 17
VisualStudioVersion = 17.14.36511.14
MinimumVisualStudioVersion = 10.0.40219.1
Project("{2150E333-8FDC-42A3-9474-1A3956D46DE8}") = "Task0", "Task0", "{02EA681E-C7D8-13C7-8484-4AC65E1B71E8}"
EndProject
Project("{FAE04EC0-301F-11D3-BF4B-00C04F79EFBC}") = "Tyuiu.OzdoevaLM.Sprint6.Task0.V24.Lib", "Tyuiu.OzdoevaLM.Sprint6.Task0.V24.Lib\Tyuiu.OzdoevaLM.Sprint6.Task0.V24.Lib.csproj", "{A8033AAB-44E9-4EE9-B00A-8814ED6E0CDE}"
EndProject
Project("{FAE04EC0-301F-11D3-BF4B-00C04F79EFBC}") = "Tyuiu.OzdoevaLM.Sprint6.Task0.V24.Test", "Tyuiu.OzdoevaLM.Sprint6.Task0.V24.Test\Tyuiu.OzdoevaLM.Sprint6.Task0.V24.Test.csproj", "{21C30F3C-DA58-4F0A-942B-B11364F23531}"
EndProject
Project("{FAE04EC0-301F-11D3-BF4B-00C04F79EFBC}") = "Tyuiu.OzdoevaLM.Sprint6.Task0.V24", "Tyuiu.OzdoevaLM.Sprint6.Task0.V24\Tyuiu.OzdoevaLM.Sprint6.Task0.V24.csproj", "{7572F496-1B63-4AFE-85E6-2F556114D3E4}"
EndProject
Project("{2150E333-8FDC-42A3-9474-1A3956D46DE8}") = "Task1", "Task1", "{3FE2A4A6-42A2-4F7E-9668-409976682016}"
EndProject
Project("{FAE04EC0-301F-11D3-BF4B-00C04F79EFBC}") = "Tyuiu.OzdoevaLM.Sprint6.Task1.V9.Lib", "Tyuiu.OzdoevaLM.Sprint6.Task1.V9.Lib\Tyuiu.OzdoevaLM.Sprint6.Task1.V9.Lib.csproj", "{CC7FC7E8-9615-4034-B99B-690AF742DB65}"
EndProject
Project("{FAE04EC0-301F-11D3-BF4B-00C04F79EFBC}") = "Tyuiu.OzdoevaLM.Sprint6.Task1.V9.Test", "Tyuiu.OzdoevaLM.Sprint6.Task1.V9.Test\Tyuiu.OzdoevaLM.Sprint6.Task1.V9.Test.csproj", "{F9DF4242-D860-42F5-BE90-4DC8C3C1197A}"
EndProject
Project("{FAE04EC0-301F-11D3-BF4B-00C04F79EFBC}") = "Tyuiu.OzdoevaLM.Sprint6.Task1.V9", "Tyuiu.OzdoevaLM.Sprint6.Task1.V9\Tyuiu.OzdoevaLM.Sprint6.Task1.V9.csproj", "{EA5396A0-4F7C-4853-ABAB-53F0DAFE683E}"
EndProject
Project("{2150E333-8FDC-42A3-9474-1A3956D46DE8}") = "Task2", "Task2", "{623E2C58-5854-4871-9155-F770CE5DB9DA}"
EndProject
Project("{FAE04EC0-301F-11D3-BF4B-00C04F79EFBC}") = "Tyuiu.OzdoevaLM.Sprint6.Task2.V4.Lib", "Tyuiu.OzdoevaLM.Sprint6.Task2.V4.Lib\Tyuiu.OzdoevaLM.Sprint6.Task2.V4.Lib.csproj", "{BEE84C33-C673-4BD8-AAC3-8EF6D2027186}"
EndProject
Project("{FAE04EC0-301F-11D3-BF4B-00C04F79EFBC}") = "Tyuiu.OzdoevaLM.Sprint6.Task2.V4.Test", "Tyuiu.OzdoevaLM.Sprint6.Task2.V4.Test\Tyuiu.OzdoevaLM.Sprint6.Task2.V4.Test.csproj", "{5E6D77F7-EE5F-4141-B668-5F92AA7F8567}"
EndProject
Project("{FAE04EC0-301F-11D3-BF4B-00C04F79EFBC}") = "Tyuiu.OzdoevaLM.Sprint6.Task2.V4", "Tyuiu.OzdoevaLM.Sprint6.Task2.V4\Tyuiu.OzdoevaLM.Sprint6.Task2.V4.csproj", "{1D065481-F1BE-47EB-A154-9CFFDC6D2D9F}"
EndProject
Project("{2150E333-8FDC-42A3-9474-1A3956D46DE8}") = "Task3", "Task3", "{A74FD5F4-9B89-473A-B5A3-59864A052FDE}"
EndProject
Project("{FAE04EC0-301F-11D3-BF4B-00C04F79EFBC}") = "Tyuiu.OzdoevaLM.Sprint6.Task3.V4.Lib", "Tyuiu.OzdoevaLM.Sprint6.Task3.V4.Lib\Tyuiu.OzdoevaLM.Sprint6.Task3.V4.Lib.csproj", "{5F5E755F-5100-414F-A2BD-F06C86A14772}"
EndProject
Project("{FAE04EC0-301F-11D3-BF4B-00C04F79EFBC}") = "Tyuiu.OzdoevaLM.Sprint6.Task3.V4.Test", "Tyuiu.OzdoevaLM.Sprint6.Task3.V4.Test\Tyuiu.OzdoevaLM.Sprint6.Task3.V4.Test.csproj", "{2D2CE919-E335-4C5B-9E43-C4915D68F36A}"
EndProject
Project("{FAE04EC0-301F-11D3-BF4B-00C04F79EFBC}") = "Tyuiu.OzdoevaLM.Sprint6.Task3.V4", "Tyuiu.OzdoevaLM.Sprint6.Task3.V4\Tyuiu.OzdoevaLM.Sprint6.Task3.V4.csproj", "{90BCF38A-F66E-4ABA-9BAD-C81254049029}"
EndProject
Project("{2150E333-8FDC-42A3-9474-1A3956D46DE8}") = "Solution Items", "Solution Items", "{1663D18B-9560-4959-BEB3-C05F2C4C1EF2}"
	ProjectSection(SolutionItems) = preProject
		.editorconfig = .editorconfig
	EndProjectSection
EndProject
Global
	GlobalSection(SolutionConfigurationPlatforms) = preSolution
		Debug|Any CPU = Debug|Any CPU
		Release|Any CPU = Release|Any CPU
	EndGlobalSection
	GlobalSection(ProjectConfigurationPlatforms) = postSolution
		{A8033AAB-44E9-4EE9-B00A-8814ED6E0CDE}.Debug|Any CPU.ActiveCfg = Debug|Any CPU
		{A8033AAB-44E9-4EE9-B00A-8814ED6E0CDE}.Debug|Any CPU.Build.0 = Debug|Any CPU
		{A8033AAB-44E9-4EE9-B00A-8814ED6E0CDE}.Release|Any CPU.ActiveCfg = Release|Any CPU
		{A8033AAB-44E9-4EE9-B00A-8814ED6E0CDE}.Release|Any CPU.Build.0 = Release|Any CPU
		{21C30F3C-DA58-4F0A-942B-B11364F23531}.Debug|Any CPU.ActiveCfg = Debug|Any CPU
		{21C30F3C-DA58-4F0A-942B-B11364F23531}.Debug|Any CPU.Build.0 = Debug|Any CPU
		{21C30F3C-DA58-4F0A-942B-B11364F23531}.Release|Any CPU.ActiveCfg = Release|Any CPU
		{21C30F3C-DA58-4F0A-942B-B11364F23531}.Release|Any CPU.Build.0 = Release|Any CPU
		{7572F496-1B63-4AFE-85E6-2F556114D3E4}.Debug|Any CPU.ActiveCfg = Debug|Any CPU
		{7572F496-1B63-4AFE-85E6-2F556114D3E4}.Debug|Any CPU.Build.0 = Debug|Any CPU
		{7572F496-1B63-4AFE-85E6-2F556114D3E4}.Release|Any CPU.ActiveCfg = Release|Any CPU
		{7572F496-1B63-4AFE-85E6-2F556114D3E4}.Release|Any CPU.Build.0 = Release|Any CPU
		{CC7FC7E8-9615-4034-B99B-690AF742DB65}.Debug|Any CPU.ActiveCfg = Debug|Any CPU
		{CC7FC7E8-9615-4034-B99B-690AF742DB65}.Debug|Any CPU.Build.0 = Debug|Any CPU
		{CC7FC7E8-9615-4034-B99B-690AF742DB65}.Release|Any CPU.ActiveCfg = Release|Any CPU
		{CC7FC7E8-9615-4034-B99B-690AF742DB65}.Release|Any CPU.Build.0 = Release|Any CPU
		{F9DF4242-D860-42F5-BE90-4DC8C3C1197A}.Debug|Any CPU.ActiveCfg = Debug|Any CPU
		{F9DF4242-D860-42F5-BE90-4DC8C3C1197A}.Debug|Any CPU.Build.0 = Debug|Any CPU
		{F9DF4242-D860-42F5-BE90-4DC8C3C1197A}.Release|Any CPU.ActiveCfg = Release|Any CPU
		{F9DF4242-D860-42F5-BE90-4DC8C3C1197A}.Release|Any CPU.Build.0 = Release|Any CPU
		{EA5396A0-4F7C-4853-ABAB-53F0DAFE683E}.Debug|Any CPU.ActiveCfg = Debug|Any CPU
		{EA5396A0-4F7C-4853-ABAB-53F0DAFE683E}.Debug|Any CPU.Build.0 = Debug|Any CPU
		{EA5396A0-4F7C-4853-ABAB-53F0DAFE683E}.Release|Any CPU.ActiveCfg = Release|Any CPU
		{EA5396A0-4F7C-4853-ABAB-53F0DAFE683E}.Release|Any CPU.Build.0 = Release|Any CPU
		{BEE84C33-C673-4BD8-AAC3-8EF6D2027186}.Debug|Any CPU.ActiveCfg = Debug|Any CPU
		{BEE84C33-C673-4BD8-AAC3-8EF6D2027186}.Debug|Any CPU.Build.0 = Debug|Any CPU
		{BEE84C33-C673-4BD8-AAC3-8EF6D2027186}.Release|Any CPU.ActiveCfg = Release|Any CPU
		{BEE84C33-C673-4BD8-AAC3-8EF6D2027186}.Release|Any CPU.Build.0 = Release|Any CPU
		{5E6D77F7-EE5F-4141-B668-5F92AA7F8567}.Debug|Any CPU.ActiveCfg = Debug|Any CPU
		{5E6D77F7-EE5F-4141-B668-5F92AA7F8567}.Debug|Any CPU.Build.0 = Debug|Any CPU
		{5E6D77F7-EE5F-4141-B668-5F92AA7F8567}.Release|Any CPU.ActiveCfg = Release|Any CPU
		{5E6D77F7-EE5F-4141-B668-5F92AA7F8567}.Release|Any CPU.Build.0 = Release|Any CPU
		{1D065481-F1BE-47EB-A154-9CFFDC6D2D9F}.Debug|Any CPU.ActiveCfg = Debug|Any CPU
		{1D065481-F1BE-47EB-A154-9CFFDC6D2D9F}.Debug|Any CPU.Build.0 = Debug|Any CPU
		{1D065481-F1BE-47EB-A154-9CFFDC6D2D9F}.Release|Any CPU.ActiveCfg = Release|Any CPU
		{1D065481-F1BE-47EB-A154-9CFFDC6D2D9F}.Release|Any CPU.Build.0 = Release|Any CPU
		{5F5E755F-5100-414F-A2BD-F06C86A14772}.Debug|Any CPU.ActiveCfg = Debug|Any CPU
		{5F5E755F-5100-414F-A2BD-F06C86A14772}.Debug|Any CPU.Build.0 = Debug|Any CPU
		{5F5E755F-5100-414F-A2BD-F06C86A14772}.Release|Any CPU.ActiveCfg = Release|Any CPU
		{5F5E755F-5100-414F-A2BD-F06C86A14772}.Release|Any CPU.Build.0 = Release|Any CPU
		{2D2CE919-E335-4C5B-9E43-C4915D68F36A}.Debug|Any CPU.ActiveCfg = Debug|Any CPU
		{2D2CE919-E335-4C5B-9E43-C4915D68F36A}.Debug|Any CPU.Build.0 = Debug|Any CPU
		{2D2CE919-E335-4C5B-9E43-C4915D68F36A}.Release|Any CPU.ActiveCfg = Release|Any CPU
		{2D2CE919-E335-4C5B-9E43-C4915D68F36A}.Release|Any CPU.Build.0 = Release|Any CPU
		{90BCF38A-F66E-4ABA-9BAD-C81254049029}.Debug|Any CPU.ActiveCfg = Debug|Any CPU
		{90BCF38A-F66E-4ABA-9BAD-C81254049029}.Debug|Any CPU.Build.0 = Debug|Any CPU
		{90BCF38A-F66E-4ABA-9BAD-C81254049029}.Release|Any CPU.ActiveCfg = Release|Any CPU
		{90BCF38A-F66E-4ABA-9BAD-C81254049029}.Release|Any CPU.Build.0 = Release|Any CPU
	EndGlobalSection
	GlobalSection(SolutionProperties) = preSolution
		HideSolutionNode = FALSE
	EndGlobalSection
	GlobalSection(NestedProjects) = preSolution
		{A8033AAB-44E9-4EE9-B00A-8814ED6E0CDE} = {02EA681E-C7D8-13C7-8484-4AC65E1B71E8}
		{21C30F3C-DA58-4F0A-942B-B11364F23531} = {02EA681E-C7D8-13C7-8484-4AC65E1B71E8}
		{7572F496-1B63-4AFE-85E6-2F556114D3E4} = {02EA681E-C7D8-13C7-8484-4AC65E1B71E8}
		{CC7FC7E8-9615-4034-B99B-690AF742DB65} = {3FE2A4A6-42A2-4F7E-9668-409976682016}
		{F9DF4242-D860-42F5-BE90-4DC8C3C1197A} = {3FE2A4A6-42A2-4F7E-9668-409976682016}
		{EA5396A0-4F7C-4853-ABAB-53F0DAFE683E} = {3FE2A4A6-42A2-4F7E-9668-409976682016}
		{BEE84C33-C673-4BD8-AAC3-8EF6D2027186} = {623E2C58-5854-4871-9155-F770CE5DB9DA}
		{5E6D77F7-EE5F-4141-B668-5F92AA7F8567} = {623E2C58-5854-4871-9155-F770CE5DB9DA}
		{1D065481-F1BE-47EB-A154-9CFFDC6D2D9F} = {623E2C58-5854-4871-9155-F770CE5DB9DA}
		{5F5E755F-5100-414F-A2BD-F06C86A14772} = {A74FD5F4-9B89-473A-B5A3-59864A052FDE}
		{2D2CE919-E335-4C5B-9E43-C4915D68F36A} = {A74FD5F4-9B89-473A-B5A3-59864A052FDE}
		{90BCF38A-F66E-4ABA-9BAD-C81254049029} = {A74FD5F4-9B89-473A-B5A3-59864A052FDE}
	EndGlobalSection
	GlobalSection(ExtensibilityGlobals) = postSolution
		SolutionGuid = {3E0D9C2F-27E1-4889-B797-EC9F3EDD32B2}
	EndGlobalSection
EndGlobal
